
Microsoft Visual Studio Solution File, Format Version 12.00
# Visual Studio Version 17
VisualStudioVersion = 17.2.32616.157
MinimumVisualStudioVersion = 10.0.40219.1
Project("{FAE04EC0-301F-11D3-BF4B-00C04F79EFBC}") = "PrototypePattern", "PrototypePattrn\PrototypePattern.csproj", "{733B7307-F2E5-4338-925D-C16EC427FD16}"
EndProject
Global
	GlobalSection(SolutionConfigurationPlatforms) = preSolution
		Debug|Any CPU = Debug|Any CPU
		Release|Any CPU = Release|Any CPU
	EndGlobalSection
	GlobalSection(ProjectConfigurationPlatforms) = postSolution
		{733B7307-F2E5-4338-925D-C16EC427FD16}.Debug|Any CPU.ActiveCfg = Debug|Any CPU
		{733B7307-F2E5-4338-925D-C16EC427FD16}.Debug|Any CPU.Build.0 = Debug|Any CPU
		{733B7307-F2E5-4338-925D-C16EC427FD16}.Release|Any CPU.ActiveCfg = Release|Any CPU
		{733B7307-F2E5-4338-925D-C16EC427FD16}.Release|Any CPU.Build.0 = Release|Any CPU
	EndGlobalSection
	GlobalSection(SolutionProperties) = preSolution
		HideSolutionNode = FALSE
	EndGlobalSection
	GlobalSection(ExtensibilityGlobals) = postSolution
		SolutionGuid = {0EB9EF54-2FDC-448B-AEC8-21A35D6D694F}
	EndGlobalSection
EndGlobal
